
Microsoft Visual Studio Solution File, Format Version 12.00
# Visual Studio Version 16
VisualStudioVersion = 16.0.31624.102
MinimumVisualStudioVersion = 10.0.40219.1
Project("{8BC9CEB8-8B4A-11D0-8D11-00A0C91BC942}") = "Homework1", "Homework1\Homework1.vcxproj", "{5F2D3DE4-F77B-4502-A2DD-6A327BCFFD4D}"
EndProject
Project("{8BC9CEB8-8B4A-11D0-8D11-00A0C91BC942}") = "Problem 1", "Problem 1\Problem 1.vcxproj", "{FC36F2A7-DDD0-4EF2-B633-F03635DCB82E}"
EndProject
Project("{8BC9CEB8-8B4A-11D0-8D11-00A0C91BC942}") = "Problem2", "Problem2\Problem2.vcxproj", "{90A68B48-EE16-4B4B-A919-49EC1B0FA688}"
EndProject
Project("{8BC9CEB8-8B4A-11D0-8D11-00A0C91BC942}") = "Problem3", "Problem3\Problem3.vcxproj", "{24646F6D-2016-4CC4-85B9-D56E7AA4097E}"
EndProject
Project("{8BC9CEB8-8B4A-11D0-8D11-00A0C91BC942}") = "Problem4", "Problem4\Problem4.vcxproj", "{735CA725-99AF-4719-8C10-FF5291227746}"
EndProject
Project("{8BC9CEB8-8B4A-11D0-8D11-00A0C91BC942}") = "Problem5", "Problem5\Problem5.vcxproj", "{3A8C4FDF-866A-4C73-8E70-FFCD9822A073}"
EndProject
Project("{8BC9CEB8-8B4A-11D0-8D11-00A0C91BC942}") = "Problem6", "Problem6\Problem6.vcxproj", "{1DCA6F12-7C0C-4009-A2DF-978223F1CEEA}"
EndProject
Project("{8BC9CEB8-8B4A-11D0-8D11-00A0C91BC942}") = "Problem7", "Problem7\Problem7.vcxproj", "{97B26CBC-8E45-4019-9950-E8C80C737298}"
EndProject
Project("{8BC9CEB8-8B4A-11D0-8D11-00A0C91BC942}") = "Problem8", "Problem8\Problem8.vcxproj", "{4CDFFCD3-3F3E-4DF9-AADB-7441710BF755}"
EndProject
Project("{8BC9CEB8-8B4A-11D0-8D11-00A0C91BC942}") = "Problem9", "Problem9\Problem9.vcxproj", "{3231880E-F196-4EA4-B66A-3884D80D496C}"
EndProject
Project("{8BC9CEB8-8B4A-11D0-8D11-00A0C91BC942}") = "Problem9+1", "Problem9+1\Problem9+1.vcxproj", "{CDA19167-A07F-4FD9-83BB-62194994E13F}"
EndProject
Global
	GlobalSection(SolutionConfigurationPlatforms) = preSolution
		Debug|x64 = Debug|x64
		Debug|x86 = Debug|x86
		Release|x64 = Release|x64
		Release|x86 = Release|x86
	EndGlobalSection
	GlobalSection(ProjectConfigurationPlatforms) = postSolution
		{5F2D3DE4-F77B-4502-A2DD-6A327BCFFD4D}.Debug|x64.ActiveCfg = Debug|x64
		{5F2D3DE4-F77B-4502-A2DD-6A327BCFFD4D}.Debug|x64.Build.0 = Debug|x64
		{5F2D3DE4-F77B-4502-A2DD-6A327BCFFD4D}.Debug|x86.ActiveCfg = Debug|Win32
		{5F2D3DE4-F77B-4502-A2DD-6A327BCFFD4D}.Debug|x86.Build.0 = Debug|Win32
		{5F2D3DE4-F77B-4502-A2DD-6A327BCFFD4D}.Release|x64.ActiveCfg = Release|x64
		{5F2D3DE4-F77B-4502-A2DD-6A327BCFFD4D}.Release|x64.Build.0 = Release|x64
		{5F2D3DE4-F77B-4502-A2DD-6A327BCFFD4D}.Release|x86.ActiveCfg = Release|Win32
		{5F2D3DE4-F77B-4502-A2DD-6A327BCFFD4D}.Release|x86.Build.0 = Release|Win32
		{FC36F2A7-DDD0-4EF2-B633-F03635DCB82E}.Debug|x64.ActiveCfg = Debug|x64
		{FC36F2A7-DDD0-4EF2-B633-F03635DCB82E}.Debug|x64.Build.0 = Debug|x64
		{FC36F2A7-DDD0-4EF2-B633-F03635DCB82E}.Debug|x86.ActiveCfg = Debug|Win32
		{FC36F2A7-DDD0-4EF2-B633-F03635DCB82E}.Debug|x86.Build.0 = Debug|Win32
		{FC36F2A7-DDD0-4EF2-B633-F03635DCB82E}.Release|x64.ActiveCfg = Release|x64
		{FC36F2A7-DDD0-4EF2-B633-F03635DCB82E}.Release|x64.Build.0 = Release|x64
		{FC36F2A7-DDD0-4EF2-B633-F03635DCB82E}.Release|x86.ActiveCfg = Release|Win32
		{FC36F2A7-DDD0-4EF2-B633-F03635DCB82E}.Release|x86.Build.0 = Release|Win32
		{90A68B48-EE16-4B4B-A919-49EC1B0FA688}.Debug|x64.ActiveCfg = Debug|x64
		{90A68B48-EE16-4B4B-A919-49EC1B0FA688}.Debug|x64.Build.0 = Debug|x64
		{90A68B48-EE16-4B4B-A919-49EC1B0FA688}.Debug|x86.ActiveCfg = Debug|Win32
		{90A68B48-EE16-4B4B-A919-49EC1B0FA688}.Debug|x86.Build.0 = Debug|Win32
		{90A68B48-EE16-4B4B-A919-49EC1B0FA688}.Release|x64.ActiveCfg = Release|x64
		{90A68B48-EE16-4B4B-A919-49EC1B0FA688}.Release|x64.Build.0 = Release|x64
		{90A68B48-EE16-4B4B-A919-49EC1B0FA688}.Release|x86.ActiveCfg = Release|Win32
		{90A68B48-EE16-4B4B-A919-49EC1B0FA688}.Release|x86.Build.0 = Release|Win32
		{24646F6D-2016-4CC4-85B9-D56E7AA4097E}.Debug|x64.ActiveCfg = Debug|x64
		{24646F6D-2016-4CC4-85B9-D56E7AA4097E}.Debug|x64.Build.0 = Debug|x64
		{24646F6D-2016-4CC4-85B9-D56E7AA4097E}.Debug|x86.ActiveCfg = Debug|Win32
		{24646F6D-2016-4CC4-85B9-D56E7AA4097E}.Debug|x86.Build.0 = Debug|Win32
		{24646F6D-2016-4CC4-85B9-D56E7AA4097E}.Release|x64.ActiveCfg = Release|x64
		{24646F6D-2016-4CC4-85B9-D56E7AA4097E}.Release|x64.Build.0 = Release|x64
		{24646F6D-2016-4CC4-85B9-D56E7AA4097E}.Release|x86.ActiveCfg = Release|Win32
		{24646F6D-2016-4CC4-85B9-D56E7AA4097E}.Release|x86.Build.0 = Release|Win32
		{735CA725-99AF-4719-8C10-FF5291227746}.Debug|x64.ActiveCfg = Debug|x64
		{735CA725-99AF-4719-8C10-FF5291227746}.Debug|x64.Build.0 = Debug|x64
		{735CA725-99AF-4719-8C10-FF5291227746}.Debug|x86.ActiveCfg = Debug|Win32
		{735CA725-99AF-4719-8C10-FF5291227746}.Debug|x86.Build.0 = Debug|Win32
		{735CA725-99AF-4719-8C10-FF5291227746}.Release|x64.ActiveCfg = Release|x64
		{735CA725-99AF-4719-8C10-FF5291227746}.Release|x64.Build.0 = Release|x64
		{735CA725-99AF-4719-8C10-FF5291227746}.Release|x86.ActiveCfg = Release|Win32
		{735CA725-99AF-4719-8C10-FF5291227746}.Release|x86.Build.0 = Release|Win32
		{3A8C4FDF-866A-4C73-8E70-FFCD9822A073}.Debug|x64.ActiveCfg = Debug|x64
		{3A8C4FDF-866A-4C73-8E70-FFCD9822A073}.Debug|x64.Build.0 = Debug|x64
		{3A8C4FDF-866A-4C73-8E70-FFCD9822A073}.Debug|x86.ActiveCfg = Debug|Win32
		{3A8C4FDF-866A-4C73-8E70-FFCD9822A073}.Debug|x86.Build.0 = Debug|Win32
		{3A8C4FDF-866A-4C73-8E70-FFCD9822A073}.Release|x64.ActiveCfg = Release|x64
		{3A8C4FDF-866A-4C73-8E70-FFCD9822A073}.Release|x64.Build.0 = Release|x64
		{3A8C4FDF-866A-4C73-8E70-FFCD9822A073}.Release|x86.ActiveCfg = Release|Win32
		{3A8C4FDF-866A-4C73-8E70-FFCD9822A073}.Release|x86.Build.0 = Release|Win32
		{1DCA6F12-7C0C-4009-A2DF-978223F1CEEA}.Debug|x64.ActiveCfg = Debug|x64
		{1DCA6F12-7C0C-4009-A2DF-978223F1CEEA}.Debug|x64.Build.0 = Debug|x64
		{1DCA6F12-7C0C-4009-A2DF-978223F1CEEA}.Debug|x86.ActiveCfg = Debug|Win32
		{1DCA6F12-7C0C-4009-A2DF-978223F1CEEA}.Debug|x86.Build.0 = Debug|Win32
		{1DCA6F12-7C0C-4009-A2DF-978223F1CEEA}.Release|x64.ActiveCfg = Release|x64
		{1DCA6F12-7C0C-4009-A2DF-978223F1CEEA}.Release|x64.Build.0 = Release|x64
		{1DCA6F12-7C0C-4009-A2DF-978223F1CEEA}.Release|x86.ActiveCfg = Release|Win32
		{1DCA6F12-7C0C-4009-A2DF-978223F1CEEA}.Release|x86.Build.0 = Release|Win32
		{97B26CBC-8E45-4019-9950-E8C80C737298}.Debug|x64.ActiveCfg = Debug|x64
		{97B26CBC-8E45-4019-9950-E8C80C737298}.Debug|x64.Build.0 = Debug|x64
		{97B26CBC-8E45-4019-9950-E8C80C737298}.Debug|x86.ActiveCfg = Debug|Win32
		{97B26CBC-8E45-4019-9950-E8C80C737298}.Debug|x86.Build.0 = Debug|Win32
		{97B26CBC-8E45-4019-9950-E8C80C737298}.Release|x64.ActiveCfg = Release|x64
		{97B26CBC-8E45-4019-9950-E8C80C737298}.Release|x64.Build.0 = Release|x64
		{97B26CBC-8E45-4019-9950-E8C80C737298}.Release|x86.ActiveCfg = Release|Win32
		{97B26CBC-8E45-4019-9950-E8C80C737298}.Release|x86.Build.0 = Release|Win32
		{4CDFFCD3-3F3E-4DF9-AADB-7441710BF755}.Debug|x64.ActiveCfg = Debug|x64
		{4CDFFCD3-3F3E-4DF9-AADB-7441710BF755}.Debug|x64.Build.0 = Debug|x64
		{4CDFFCD3-3F3E-4DF9-AADB-7441710BF755}.Debug|x86.ActiveCfg = Debug|Win32
		{4CDFFCD3-3F3E-4DF9-AADB-7441710BF755}.Debug|x86.Build.0 = Debug|Win32
		{4CDFFCD3-3F3E-4DF9-AADB-7441710BF755}.Release|x64.ActiveCfg = Release|x64
		{4CDFFCD3-3F3E-4DF9-AADB-7441710BF755}.Release|x64.Build.0 = Release|x64
		{4CDFFCD3-3F3E-4DF9-AADB-7441710BF755}.Release|x86.ActiveCfg = Release|Win32
		{4CDFFCD3-3F3E-4DF9-AADB-7441710BF755}.Release|x86.Build.0 = Release|Win32
		{3231880E-F196-4EA4-B66A-3884D80D496C}.Debug|x64.ActiveCfg = Debug|x64
		{3231880E-F196-4EA4-B66A-3884D80D496C}.Debug|x64.Build.0 = Debug|x64
		{3231880E-F196-4EA4-B66A-3884D80D496C}.Debug|x86.ActiveCfg = Debug|Win32
		{3231880E-F196-4EA4-B66A-3884D80D496C}.Debug|x86.Build.0 = Debug|Win32
		{3231880E-F196-4EA4-B66A-3884D80D496C}.Release|x64.ActiveCfg = Release|x64
		{3231880E-F196-4EA4-B66A-3884D80D496C}.Release|x64.Build.0 = Release|x64
		{3231880E-F196-4EA4-B66A-3884D80D496C}.Release|x86.ActiveCfg = Release|Win32
		{3231880E-F196-4EA4-B66A-3884D80D496C}.Release|x86.Build.0 = Release|Win32
		{CDA19167-A07F-4FD9-83BB-62194994E13F}.Debug|x64.ActiveCfg = Debug|x64
		{CDA19167-A07F-4FD9-83BB-62194994E13F}.Debug|x64.Build.0 = Debug|x64
		{CDA19167-A07F-4FD9-83BB-62194994E13F}.Debug|x86.ActiveCfg = Debug|Win32
		{CDA19167-A07F-4FD9-83BB-62194994E13F}.Debug|x86.Build.0 = Debug|Win32
		{CDA19167-A07F-4FD9-83BB-62194994E13F}.Release|x64.ActiveCfg = Release|x64
		{CDA19167-A07F-4FD9-83BB-62194994E13F}.Release|x64.Build.0 = Release|x64
		{CDA19167-A07F-4FD9-83BB-62194994E13F}.Release|x86.ActiveCfg = Release|Win32
		{CDA19167-A07F-4FD9-83BB-62194994E13F}.Release|x86.Build.0 = Release|Win32
	EndGlobalSection
	GlobalSection(SolutionProperties) = preSolution
		HideSolutionNode = FALSE
	EndGlobalSection
	GlobalSection(ExtensibilityGlobals) = postSolution
		SolutionGuid = {05329F9E-40F8-4A65-A0E1-FE79F8CC3A5E}
	EndGlobalSection
EndGlobal
