
Microsoft Visual Studio Solution File, Format Version 12.00
# Visual Studio Version 16
VisualStudioVersion = 16.0.31624.102
MinimumVisualStudioVersion = 10.0.40219.1
Project("{8BC9CEB8-8B4A-11D0-8D11-00A0C91BC942}") = "Problem 1", "Problem 1\Problem 1.vcxproj", "{EEA06FE0-1860-4E72-974C-B97D56BBF544}"
EndProject
Global
	GlobalSection(SolutionConfigurationPlatforms) = preSolution
		Debug|x64 = Debug|x64
		Debug|x86 = Debug|x86
		Release|x64 = Release|x64
		Release|x86 = Release|x86
	EndGlobalSection
	GlobalSection(ProjectConfigurationPlatforms) = postSolution
		{EEA06FE0-1860-4E72-974C-B97D56BBF544}.Debug|x64.ActiveCfg = Debug|x64
		{EEA06FE0-1860-4E72-974C-B97D56BBF544}.Debug|x64.Build.0 = Debug|x64
		{EEA06FE0-1860-4E72-974C-B97D56BBF544}.Debug|x86.ActiveCfg = Debug|Win32
		{EEA06FE0-1860-4E72-974C-B97D56BBF544}.Debug|x86.Build.0 = Debug|Win32
		{EEA06FE0-1860-4E72-974C-B97D56BBF544}.Release|x64.ActiveCfg = Release|x64
		{EEA06FE0-1860-4E72-974C-B97D56BBF544}.Release|x64.Build.0 = Release|x64
		{EEA06FE0-1860-4E72-974C-B97D56BBF544}.Release|x86.ActiveCfg = Release|Win32
		{EEA06FE0-1860-4E72-974C-B97D56BBF544}.Release|x86.Build.0 = Release|Win32
	EndGlobalSection
	GlobalSection(SolutionProperties) = preSolution
		HideSolutionNode = FALSE
	EndGlobalSection
	GlobalSection(ExtensibilityGlobals) = postSolution
		SolutionGuid = {8BC42F69-A178-4510-83C6-1FEC0DE9326F}
	EndGlobalSection
EndGlobal
